
Microsoft Visual Studio Solution File, Format Version 12.00
# Visual Studio 15
VisualStudioVersion = 15.0.27004.2008
MinimumVisualStudioVersion = 10.0.40219.1
Project("{FAE04EC0-301F-11D3-BF4B-00C04F79EFBC}") = "STDCoreApp", "STDCoreApp\STDCoreApp.csproj", "{09A418CB-C3DD-40D4-B7F3-5B34B24264D2}"
EndProject
Project("{FAE04EC0-301F-11D3-BF4B-00C04F79EFBC}") = "STDCoreApp.Infrastructure", "STDCoreApp.Infrastructure\STDCoreApp.Infrastructure.csproj", "{1644FF85-E199-4B08-ACDB-1AD045461966}"
EndProject
Project("{FAE04EC0-301F-11D3-BF4B-00C04F79EFBC}") = "STDCoreApp.Utilities", "STDCoreApp.Utilities\STDCoreApp.Utilities.csproj", "{EEBA70E9-DC9A-4FE7-95FB-11D76BCAFC5E}"
EndProject
Project("{FAE04EC0-301F-11D3-BF4B-00C04F79EFBC}") = "STDCoreApp.Data", "STDCoreApp.Data\STDCoreApp.Data.csproj", "{2A6821BE-8A70-40A5-B5A2-C2A8756A851F}"
EndProject
Project("{FAE04EC0-301F-11D3-BF4B-00C04F79EFBC}") = "STDCoreApp.Data.EF", "STDCoreApp.Data.EF\STDCoreApp.Data.EF.csproj", "{91832FF7-F7E1-4A0F-8647-D9C96851C853}"
EndProject
Project("{FAE04EC0-301F-11D3-BF4B-00C04F79EFBC}") = "STDCoreApp.Service", "STDCoreApp.Service\STDCoreApp.Service.csproj", "{D44CD457-61FB-45C1-A4C6-A30754AF5D79}"
EndProject
Project("{2150E333-8FDC-42A3-9474-1A3956D46DE8}") = "1-Presentation", "1-Presentation", "{BF93E2BD-ED9F-4B19-9570-89B3D8A7BA11}"
EndProject
Project("{2150E333-8FDC-42A3-9474-1A3956D46DE8}") = "2-Application", "2-Application", "{4D9797AA-38B5-4D4D-B445-4F7C192D8331}"
EndProject
Project("{2150E333-8FDC-42A3-9474-1A3956D46DE8}") = "3-Domain", "3-Domain", "{062EAE26-6AD3-45E9-A77F-EAED8819E040}"
EndProject
Project("{2150E333-8FDC-42A3-9474-1A3956D46DE8}") = "4-Infrastructure", "4-Infrastructure", "{CC7415A6-6E4E-4C3A-AB16-5C42E342699F}"
EndProject
Global
	GlobalSection(SolutionConfigurationPlatforms) = preSolution
		Debug|Any CPU = Debug|Any CPU
		Release|Any CPU = Release|Any CPU
	EndGlobalSection
	GlobalSection(ProjectConfigurationPlatforms) = postSolution
		{09A418CB-C3DD-40D4-B7F3-5B34B24264D2}.Debug|Any CPU.ActiveCfg = Debug|Any CPU
		{09A418CB-C3DD-40D4-B7F3-5B34B24264D2}.Debug|Any CPU.Build.0 = Debug|Any CPU
		{09A418CB-C3DD-40D4-B7F3-5B34B24264D2}.Release|Any CPU.ActiveCfg = Release|Any CPU
		{09A418CB-C3DD-40D4-B7F3-5B34B24264D2}.Release|Any CPU.Build.0 = Release|Any CPU
		{1644FF85-E199-4B08-ACDB-1AD045461966}.Debug|Any CPU.ActiveCfg = Debug|Any CPU
		{1644FF85-E199-4B08-ACDB-1AD045461966}.Debug|Any CPU.Build.0 = Debug|Any CPU
		{1644FF85-E199-4B08-ACDB-1AD045461966}.Release|Any CPU.ActiveCfg = Release|Any CPU
		{1644FF85-E199-4B08-ACDB-1AD045461966}.Release|Any CPU.Build.0 = Release|Any CPU
		{EEBA70E9-DC9A-4FE7-95FB-11D76BCAFC5E}.Debug|Any CPU.ActiveCfg = Debug|Any CPU
		{EEBA70E9-DC9A-4FE7-95FB-11D76BCAFC5E}.Debug|Any CPU.Build.0 = Debug|Any CPU
		{EEBA70E9-DC9A-4FE7-95FB-11D76BCAFC5E}.Release|Any CPU.ActiveCfg = Release|Any CPU
		{EEBA70E9-DC9A-4FE7-95FB-11D76BCAFC5E}.Release|Any CPU.Build.0 = Release|Any CPU
		{2A6821BE-8A70-40A5-B5A2-C2A8756A851F}.Debug|Any CPU.ActiveCfg = Debug|Any CPU
		{2A6821BE-8A70-40A5-B5A2-C2A8756A851F}.Debug|Any CPU.Build.0 = Debug|Any CPU
		{2A6821BE-8A70-40A5-B5A2-C2A8756A851F}.Release|Any CPU.ActiveCfg = Release|Any CPU
		{2A6821BE-8A70-40A5-B5A2-C2A8756A851F}.Release|Any CPU.Build.0 = Release|Any CPU
		{91832FF7-F7E1-4A0F-8647-D9C96851C853}.Debug|Any CPU.ActiveCfg = Debug|Any CPU
		{91832FF7-F7E1-4A0F-8647-D9C96851C853}.Debug|Any CPU.Build.0 = Debug|Any CPU
		{91832FF7-F7E1-4A0F-8647-D9C96851C853}.Release|Any CPU.ActiveCfg = Release|Any CPU
		{91832FF7-F7E1-4A0F-8647-D9C96851C853}.Release|Any CPU.Build.0 = Release|Any CPU
		{D44CD457-61FB-45C1-A4C6-A30754AF5D79}.Debug|Any CPU.ActiveCfg = Debug|Any CPU
		{D44CD457-61FB-45C1-A4C6-A30754AF5D79}.Debug|Any CPU.Build.0 = Debug|Any CPU
		{D44CD457-61FB-45C1-A4C6-A30754AF5D79}.Release|Any CPU.ActiveCfg = Release|Any CPU
		{D44CD457-61FB-45C1-A4C6-A30754AF5D79}.Release|Any CPU.Build.0 = Release|Any CPU
	EndGlobalSection
	GlobalSection(SolutionProperties) = preSolution
		HideSolutionNode = FALSE
	EndGlobalSection
	GlobalSection(NestedProjects) = preSolution
		{09A418CB-C3DD-40D4-B7F3-5B34B24264D2} = {BF93E2BD-ED9F-4B19-9570-89B3D8A7BA11}
		{1644FF85-E199-4B08-ACDB-1AD045461966} = {CC7415A6-6E4E-4C3A-AB16-5C42E342699F}
		{EEBA70E9-DC9A-4FE7-95FB-11D76BCAFC5E} = {CC7415A6-6E4E-4C3A-AB16-5C42E342699F}
		{2A6821BE-8A70-40A5-B5A2-C2A8756A851F} = {062EAE26-6AD3-45E9-A77F-EAED8819E040}
		{91832FF7-F7E1-4A0F-8647-D9C96851C853} = {062EAE26-6AD3-45E9-A77F-EAED8819E040}
		{D44CD457-61FB-45C1-A4C6-A30754AF5D79} = {4D9797AA-38B5-4D4D-B445-4F7C192D8331}
	EndGlobalSection
	GlobalSection(ExtensibilityGlobals) = postSolution
		SolutionGuid = {D4B29B76-6F25-4217-A87A-B7A0EB16DA24}
	EndGlobalSection
EndGlobal
